
Microsoft Visual Studio Solution File, Format Version 12.00
# Visual Studio Version 17
VisualStudioVersion = 17.0.32112.339
MinimumVisualStudioVersion = 10.0.40219.1
Project("{9A19103F-16F7-4668-BE54-9A1E7A4F7556}") = "Groove.SP.Core", "Groove.SP.Core\Groove.SP.Core.csproj", "{9CE9AD15-66D9-4C91-8297-8D790066A330}"
EndProject
Project("{2150E333-8FDC-42A3-9474-1A3956D46DE8}") = "Core", "Core", "{3228D1B1-9FFD-4F36-ADD3-63E04421FFF8}"
EndProject
Project("{9A19103F-16F7-4668-BE54-9A1E7A4F7556}") = "Groove.SP.Application", "Groove.SP.Application\Groove.SP.Application.csproj", "{59EBF96F-74AB-4BF5-A320-D295CE916B8F}"
EndProject
Project("{2150E333-8FDC-42A3-9474-1A3956D46DE8}") = "Infrastructure", "Infrastructure", "{91B32439-7FDC-4113-A6BB-D9A3346C1512}"
EndProject
Project("{9A19103F-16F7-4668-BE54-9A1E7A4F7556}") = "Groove.SP.Persistence", "Groove.SP.Persistence\Groove.SP.Persistence.csproj", "{263C1097-2986-4DE7-BFD0-9BE10A227686}"
EndProject
Project("{9A19103F-16F7-4668-BE54-9A1E7A4F7556}") = "Groove.SP.Infrastructure", "Groove.SP.Infrastructure\Groove.SP.Infrastructure.csproj", "{627469D2-A758-4D26-AC6C-C51D9D8A6F4C}"
EndProject
Project("{2150E333-8FDC-42A3-9474-1A3956D46DE8}") = "Presentation", "Presentation", "{ACC3D5A6-22D4-42D7-938D-9EC8AE990AF8}"
EndProject
Project("{9A19103F-16F7-4668-BE54-9A1E7A4F7556}") = "Groove.SP.API", "Groove.SP.API\Groove.SP.API.csproj", "{5DAB0EF1-3FDC-477D-BBEA-60388F894185}"
EndProject
Project("{FAE04EC0-301F-11D3-BF4B-00C04F79EFBC}") = "Groove.SP.Infrastructure.ReportTool", "Groove.SP.Infrastructure.ReportTool\Groove.SP.Infrastructure.ReportTool.csproj", "{C0ECCFB2-BD12-4EE2-AFE5-EE16EBA84783}"
EndProject
Project("{2150E333-8FDC-42A3-9474-1A3956D46DE8}") = "Tests", "Tests", "{748002DF-8FA8-4024-8B98-756F24B2324C}"
EndProject
Project("{9A19103F-16F7-4668-BE54-9A1E7A4F7556}") = "Groove.SP.Application.Tests", "Groove.SP.Application.Tests\Groove.SP.Application.Tests.csproj", "{50CA26A1-DE17-4B3D-9D13-654E2BFF8935}"
EndProject
Project("{9A19103F-16F7-4668-BE54-9A1E7A4F7556}") = "Groove.SP.Infrastructure.Excel", "Groove.SP.Infrastructure.Excel\Groove.SP.Infrastructure.Excel.csproj", "{76FF8E0A-A9EB-466C-8CE8-A0DC6F3ADF06}"
EndProject
Project("{9A19103F-16F7-4668-BE54-9A1E7A4F7556}") = "Groove.SP.Infrastructure.CSFE", "Groove.SP.Infrastructure.CSFE\Groove.SP.Infrastructure.CSFE.csproj", "{1A134B98-4E79-4848-9941-72C189E1993A}"
EndProject
Project("{9A19103F-16F7-4668-BE54-9A1E7A4F7556}") = "Groove.SP.Infrastructure.MicrosoftGraphAPI", "Groove.SP.Infrastructure.MicrosoftGraphAPI\Groove.SP.Infrastructure.MicrosoftGraphAPI.csproj", "{D4AC11FB-BF3E-461C-8C01-237A4D1D5039}"
EndProject
Project("{9A19103F-16F7-4668-BE54-9A1E7A4F7556}") = "Groove.SP.Infrastructure.EBookingManagementAPI", "Groove.SP.Infrastructure.EBookingManagementAPI\Groove.SP.Infrastructure.EBookingManagementAPI.csproj", "{15E405F5-4C6F-4727-8910-39528D344EE0}"
EndProject
Project("{9A19103F-16F7-4668-BE54-9A1E7A4F7556}") = "Groove.Infrastructure.APIClientCore", "Groove.Infrastructure.APIClientCore\Groove.Infrastructure.APIClientCore.csproj", "{B56241BE-8693-4FBC-AB56-9A4713C96133}"
EndProject
Project("{9A19103F-16F7-4668-BE54-9A1E7A4F7556}") = "Groove.SP.Infrastructure.DinkToPdf", "Groove.SP.Infrastructure.DinkToPdf\Groove.SP.Infrastructure.DinkToPdf.csproj", "{B8319F01-C301-490D-99AD-A24D99F9A06E}"
EndProject
Project("{9A19103F-16F7-4668-BE54-9A1E7A4F7556}") = "Groove.SP.Infrastructure.RazorLight", "Groove.SP.Infrastructure.RazorLight\Groove.SP.Infrastructure.RazorLight.csproj", "{46E0A21E-8111-4CB3-A5BF-841E145B9BE3}"
EndProject
Project("{9A19103F-16F7-4668-BE54-9A1E7A4F7556}") = "Groove.SP.Infrastructure.QRCoder", "Groove.SP.Infrastructure.QRCoder\Groove.SP.Infrastructure.QRCoder.csproj", "{28D63DE9-D5A2-440A-A42A-EA23660DE851}"
EndProject
Project("{9A19103F-16F7-4668-BE54-9A1E7A4F7556}") = "Groove.SP.Infrastructure.SignalR", "Groove.SP.Infrastructure.SignalR\Groove.SP.Infrastructure.SignalR.csproj", "{BAA521A1-B6C2-4BBE-9C22-AEE9C28B5333}"
EndProject
Project("{FAE04EC0-301F-11D3-BF4B-00C04F79EFBC}") = "ericmok.tests", "ericmok.tests\ericmok.tests.csproj", "{84F35C14-D403-4900-9AC3-B569974DAC9A}"
EndProject
Global
	GlobalSection(SolutionConfigurationPlatforms) = preSolution
		Debug|Any CPU = Debug|Any CPU
		Debug|x86 = Debug|x86
		Release|Any CPU = Release|Any CPU
		Release|x86 = Release|x86
	EndGlobalSection
	GlobalSection(ProjectConfigurationPlatforms) = postSolution
		{9CE9AD15-66D9-4C91-8297-8D790066A330}.Debug|Any CPU.ActiveCfg = Debug|Any CPU
		{9CE9AD15-66D9-4C91-8297-8D790066A330}.Debug|Any CPU.Build.0 = Debug|Any CPU
		{9CE9AD15-66D9-4C91-8297-8D790066A330}.Debug|x86.ActiveCfg = Debug|Any CPU
		{9CE9AD15-66D9-4C91-8297-8D790066A330}.Debug|x86.Build.0 = Debug|Any CPU
		{9CE9AD15-66D9-4C91-8297-8D790066A330}.Release|Any CPU.ActiveCfg = Release|Any CPU
		{9CE9AD15-66D9-4C91-8297-8D790066A330}.Release|Any CPU.Build.0 = Release|Any CPU
		{9CE9AD15-66D9-4C91-8297-8D790066A330}.Release|x86.ActiveCfg = Release|Any CPU
		{9CE9AD15-66D9-4C91-8297-8D790066A330}.Release|x86.Build.0 = Release|Any CPU
		{59EBF96F-74AB-4BF5-A320-D295CE916B8F}.Debug|Any CPU.ActiveCfg = Debug|Any CPU
		{59EBF96F-74AB-4BF5-A320-D295CE916B8F}.Debug|Any CPU.Build.0 = Debug|Any CPU
		{59EBF96F-74AB-4BF5-A320-D295CE916B8F}.Debug|x86.ActiveCfg = Debug|Any CPU
		{59EBF96F-74AB-4BF5-A320-D295CE916B8F}.Debug|x86.Build.0 = Debug|Any CPU
		{59EBF96F-74AB-4BF5-A320-D295CE916B8F}.Release|Any CPU.ActiveCfg = Release|Any CPU
		{59EBF96F-74AB-4BF5-A320-D295CE916B8F}.Release|Any CPU.Build.0 = Release|Any CPU
		{59EBF96F-74AB-4BF5-A320-D295CE916B8F}.Release|x86.ActiveCfg = Release|Any CPU
		{59EBF96F-74AB-4BF5-A320-D295CE916B8F}.Release|x86.Build.0 = Release|Any CPU
		{263C1097-2986-4DE7-BFD0-9BE10A227686}.Debug|Any CPU.ActiveCfg = Debug|Any CPU
		{263C1097-2986-4DE7-BFD0-9BE10A227686}.Debug|Any CPU.Build.0 = Debug|Any CPU
		{263C1097-2986-4DE7-BFD0-9BE10A227686}.Debug|x86.ActiveCfg = Debug|Any CPU
		{263C1097-2986-4DE7-BFD0-9BE10A227686}.Debug|x86.Build.0 = Debug|Any CPU
		{263C1097-2986-4DE7-BFD0-9BE10A227686}.Release|Any CPU.ActiveCfg = Release|Any CPU
		{263C1097-2986-4DE7-BFD0-9BE10A227686}.Release|Any CPU.Build.0 = Release|Any CPU
		{263C1097-2986-4DE7-BFD0-9BE10A227686}.Release|x86.ActiveCfg = Release|Any CPU
		{263C1097-2986-4DE7-BFD0-9BE10A227686}.Release|x86.Build.0 = Release|Any CPU
		{627469D2-A758-4D26-AC6C-C51D9D8A6F4C}.Debug|Any CPU.ActiveCfg = Debug|Any CPU
		{627469D2-A758-4D26-AC6C-C51D9D8A6F4C}.Debug|Any CPU.Build.0 = Debug|Any CPU
		{627469D2-A758-4D26-AC6C-C51D9D8A6F4C}.Debug|x86.ActiveCfg = Debug|Any CPU
		{627469D2-A758-4D26-AC6C-C51D9D8A6F4C}.Debug|x86.Build.0 = Debug|Any CPU
		{627469D2-A758-4D26-AC6C-C51D9D8A6F4C}.Release|Any CPU.ActiveCfg = Release|Any CPU
		{627469D2-A758-4D26-AC6C-C51D9D8A6F4C}.Release|Any CPU.Build.0 = Release|Any CPU
		{627469D2-A758-4D26-AC6C-C51D9D8A6F4C}.Release|x86.ActiveCfg = Release|Any CPU
		{627469D2-A758-4D26-AC6C-C51D9D8A6F4C}.Release|x86.Build.0 = Release|Any CPU
		{5DAB0EF1-3FDC-477D-BBEA-60388F894185}.Debug|Any CPU.ActiveCfg = Debug|Any CPU
		{5DAB0EF1-3FDC-477D-BBEA-60388F894185}.Debug|Any CPU.Build.0 = Debug|Any CPU
		{5DAB0EF1-3FDC-477D-BBEA-60388F894185}.Debug|x86.ActiveCfg = Debug|Any CPU
		{5DAB0EF1-3FDC-477D-BBEA-60388F894185}.Debug|x86.Build.0 = Debug|Any CPU
		{5DAB0EF1-3FDC-477D-BBEA-60388F894185}.Release|Any CPU.ActiveCfg = Release|Any CPU
		{5DAB0EF1-3FDC-477D-BBEA-60388F894185}.Release|Any CPU.Build.0 = Release|Any CPU
		{5DAB0EF1-3FDC-477D-BBEA-60388F894185}.Release|x86.ActiveCfg = Release|Any CPU
		{5DAB0EF1-3FDC-477D-BBEA-60388F894185}.Release|x86.Build.0 = Release|Any CPU
		{C0ECCFB2-BD12-4EE2-AFE5-EE16EBA84783}.Debug|Any CPU.ActiveCfg = Debug|Any CPU
		{C0ECCFB2-BD12-4EE2-AFE5-EE16EBA84783}.Debug|Any CPU.Build.0 = Debug|Any CPU
		{C0ECCFB2-BD12-4EE2-AFE5-EE16EBA84783}.Debug|x86.ActiveCfg = Debug|Any CPU
		{C0ECCFB2-BD12-4EE2-AFE5-EE16EBA84783}.Debug|x86.Build.0 = Debug|Any CPU
		{C0ECCFB2-BD12-4EE2-AFE5-EE16EBA84783}.Release|Any CPU.ActiveCfg = Release|Any CPU
		{C0ECCFB2-BD12-4EE2-AFE5-EE16EBA84783}.Release|Any CPU.Build.0 = Release|Any CPU
		{C0ECCFB2-BD12-4EE2-AFE5-EE16EBA84783}.Release|x86.ActiveCfg = Release|Any CPU
		{C0ECCFB2-BD12-4EE2-AFE5-EE16EBA84783}.Release|x86.Build.0 = Release|Any CPU
		{50CA26A1-DE17-4B3D-9D13-654E2BFF8935}.Debug|Any CPU.ActiveCfg = Debug|Any CPU
		{50CA26A1-DE17-4B3D-9D13-654E2BFF8935}.Debug|Any CPU.Build.0 = Debug|Any CPU
		{50CA26A1-DE17-4B3D-9D13-654E2BFF8935}.Debug|x86.ActiveCfg = Debug|Any CPU
		{50CA26A1-DE17-4B3D-9D13-654E2BFF8935}.Debug|x86.Build.0 = Debug|Any CPU
		{50CA26A1-DE17-4B3D-9D13-654E2BFF8935}.Release|Any CPU.ActiveCfg = Release|Any CPU
		{50CA26A1-DE17-4B3D-9D13-654E2BFF8935}.Release|Any CPU.Build.0 = Release|Any CPU
		{50CA26A1-DE17-4B3D-9D13-654E2BFF8935}.Release|x86.ActiveCfg = Release|Any CPU
		{50CA26A1-DE17-4B3D-9D13-654E2BFF8935}.Release|x86.Build.0 = Release|Any CPU
		{76FF8E0A-A9EB-466C-8CE8-A0DC6F3ADF06}.Debug|Any CPU.ActiveCfg = Debug|Any CPU
		{76FF8E0A-A9EB-466C-8CE8-A0DC6F3ADF06}.Debug|Any CPU.Build.0 = Debug|Any CPU
		{76FF8E0A-A9EB-466C-8CE8-A0DC6F3ADF06}.Debug|x86.ActiveCfg = Debug|Any CPU
		{76FF8E0A-A9EB-466C-8CE8-A0DC6F3ADF06}.Debug|x86.Build.0 = Debug|Any CPU
		{76FF8E0A-A9EB-466C-8CE8-A0DC6F3ADF06}.Release|Any CPU.ActiveCfg = Release|Any CPU
		{76FF8E0A-A9EB-466C-8CE8-A0DC6F3ADF06}.Release|Any CPU.Build.0 = Release|Any CPU
		{76FF8E0A-A9EB-466C-8CE8-A0DC6F3ADF06}.Release|x86.ActiveCfg = Release|Any CPU
		{76FF8E0A-A9EB-466C-8CE8-A0DC6F3ADF06}.Release|x86.Build.0 = Release|Any CPU
		{1A134B98-4E79-4848-9941-72C189E1993A}.Debug|Any CPU.ActiveCfg = Debug|Any CPU
		{1A134B98-4E79-4848-9941-72C189E1993A}.Debug|Any CPU.Build.0 = Debug|Any CPU
		{1A134B98-4E79-4848-9941-72C189E1993A}.Debug|x86.ActiveCfg = Debug|Any CPU
		{1A134B98-4E79-4848-9941-72C189E1993A}.Debug|x86.Build.0 = Debug|Any CPU
		{1A134B98-4E79-4848-9941-72C189E1993A}.Release|Any CPU.ActiveCfg = Release|Any CPU
		{1A134B98-4E79-4848-9941-72C189E1993A}.Release|Any CPU.Build.0 = Release|Any CPU
		{1A134B98-4E79-4848-9941-72C189E1993A}.Release|x86.ActiveCfg = Release|Any CPU
		{1A134B98-4E79-4848-9941-72C189E1993A}.Release|x86.Build.0 = Release|Any CPU
		{D4AC11FB-BF3E-461C-8C01-237A4D1D5039}.Debug|Any CPU.ActiveCfg = Debug|Any CPU
		{D4AC11FB-BF3E-461C-8C01-237A4D1D5039}.Debug|Any CPU.Build.0 = Debug|Any CPU
		{D4AC11FB-BF3E-461C-8C01-237A4D1D5039}.Debug|x86.ActiveCfg = Debug|Any CPU
		{D4AC11FB-BF3E-461C-8C01-237A4D1D5039}.Debug|x86.Build.0 = Debug|Any CPU
		{D4AC11FB-BF3E-461C-8C01-237A4D1D5039}.Release|Any CPU.ActiveCfg = Release|Any CPU
		{D4AC11FB-BF3E-461C-8C01-237A4D1D5039}.Release|Any CPU.Build.0 = Release|Any CPU
		{D4AC11FB-BF3E-461C-8C01-237A4D1D5039}.Release|x86.ActiveCfg = Release|Any CPU
		{D4AC11FB-BF3E-461C-8C01-237A4D1D5039}.Release|x86.Build.0 = Release|Any CPU
		{15E405F5-4C6F-4727-8910-39528D344EE0}.Debug|Any CPU.ActiveCfg = Debug|Any CPU
		{15E405F5-4C6F-4727-8910-39528D344EE0}.Debug|Any CPU.Build.0 = Debug|Any CPU
		{15E405F5-4C6F-4727-8910-39528D344EE0}.Debug|x86.ActiveCfg = Debug|Any CPU
		{15E405F5-4C6F-4727-8910-39528D344EE0}.Debug|x86.Build.0 = Debug|Any CPU
		{15E405F5-4C6F-4727-8910-39528D344EE0}.Release|Any CPU.ActiveCfg = Release|Any CPU
		{15E405F5-4C6F-4727-8910-39528D344EE0}.Release|Any CPU.Build.0 = Release|Any CPU
		{15E405F5-4C6F-4727-8910-39528D344EE0}.Release|x86.ActiveCfg = Release|Any CPU
		{15E405F5-4C6F-4727-8910-39528D344EE0}.Release|x86.Build.0 = Release|Any CPU
		{B56241BE-8693-4FBC-AB56-9A4713C96133}.Debug|Any CPU.ActiveCfg = Debug|Any CPU
		{B56241BE-8693-4FBC-AB56-9A4713C96133}.Debug|Any CPU.Build.0 = Debug|Any CPU
		{B56241BE-8693-4FBC-AB56-9A4713C96133}.Debug|x86.ActiveCfg = Debug|Any CPU
		{B56241BE-8693-4FBC-AB56-9A4713C96133}.Debug|x86.Build.0 = Debug|Any CPU
		{B56241BE-8693-4FBC-AB56-9A4713C96133}.Release|Any CPU.ActiveCfg = Release|Any CPU
		{B56241BE-8693-4FBC-AB56-9A4713C96133}.Release|Any CPU.Build.0 = Release|Any CPU
		{B56241BE-8693-4FBC-AB56-9A4713C96133}.Release|x86.ActiveCfg = Release|Any CPU
		{B56241BE-8693-4FBC-AB56-9A4713C96133}.Release|x86.Build.0 = Release|Any CPU
		{B8319F01-C301-490D-99AD-A24D99F9A06E}.Debug|Any CPU.ActiveCfg = Debug|Any CPU
		{B8319F01-C301-490D-99AD-A24D99F9A06E}.Debug|Any CPU.Build.0 = Debug|Any CPU
		{B8319F01-C301-490D-99AD-A24D99F9A06E}.Debug|x86.ActiveCfg = Debug|Any CPU
		{B8319F01-C301-490D-99AD-A24D99F9A06E}.Debug|x86.Build.0 = Debug|Any CPU
		{B8319F01-C301-490D-99AD-A24D99F9A06E}.Release|Any CPU.ActiveCfg = Release|Any CPU
		{B8319F01-C301-490D-99AD-A24D99F9A06E}.Release|Any CPU.Build.0 = Release|Any CPU
		{B8319F01-C301-490D-99AD-A24D99F9A06E}.Release|x86.ActiveCfg = Release|Any CPU
		{B8319F01-C301-490D-99AD-A24D99F9A06E}.Release|x86.Build.0 = Release|Any CPU
		{46E0A21E-8111-4CB3-A5BF-841E145B9BE3}.Debug|Any CPU.ActiveCfg = Debug|Any CPU
		{46E0A21E-8111-4CB3-A5BF-841E145B9BE3}.Debug|Any CPU.Build.0 = Debug|Any CPU
		{46E0A21E-8111-4CB3-A5BF-841E145B9BE3}.Debug|x86.ActiveCfg = Debug|Any CPU
		{46E0A21E-8111-4CB3-A5BF-841E145B9BE3}.Debug|x86.Build.0 = Debug|Any CPU
		{46E0A21E-8111-4CB3-A5BF-841E145B9BE3}.Release|Any CPU.ActiveCfg = Release|Any CPU
		{46E0A21E-8111-4CB3-A5BF-841E145B9BE3}.Release|Any CPU.Build.0 = Release|Any CPU
		{46E0A21E-8111-4CB3-A5BF-841E145B9BE3}.Release|x86.ActiveCfg = Release|Any CPU
		{46E0A21E-8111-4CB3-A5BF-841E145B9BE3}.Release|x86.Build.0 = Release|Any CPU
		{28D63DE9-D5A2-440A-A42A-EA23660DE851}.Debug|Any CPU.ActiveCfg = Debug|Any CPU
		{28D63DE9-D5A2-440A-A42A-EA23660DE851}.Debug|Any CPU.Build.0 = Debug|Any CPU
		{28D63DE9-D5A2-440A-A42A-EA23660DE851}.Debug|x86.ActiveCfg = Debug|Any CPU
		{28D63DE9-D5A2-440A-A42A-EA23660DE851}.Debug|x86.Build.0 = Debug|Any CPU
		{28D63DE9-D5A2-440A-A42A-EA23660DE851}.Release|Any CPU.ActiveCfg = Release|Any CPU
		{28D63DE9-D5A2-440A-A42A-EA23660DE851}.Release|Any CPU.Build.0 = Release|Any CPU
		{28D63DE9-D5A2-440A-A42A-EA23660DE851}.Release|x86.ActiveCfg = Release|Any CPU
		{28D63DE9-D5A2-440A-A42A-EA23660DE851}.Release|x86.Build.0 = Release|Any CPU
		{BAA521A1-B6C2-4BBE-9C22-AEE9C28B5333}.Debug|Any CPU.ActiveCfg = Debug|Any CPU
		{BAA521A1-B6C2-4BBE-9C22-AEE9C28B5333}.Debug|Any CPU.Build.0 = Debug|Any CPU
		{BAA521A1-B6C2-4BBE-9C22-AEE9C28B5333}.Debug|x86.ActiveCfg = Debug|Any CPU
		{BAA521A1-B6C2-4BBE-9C22-AEE9C28B5333}.Debug|x86.Build.0 = Debug|Any CPU
		{BAA521A1-B6C2-4BBE-9C22-AEE9C28B5333}.Release|Any CPU.ActiveCfg = Release|Any CPU
		{BAA521A1-B6C2-4BBE-9C22-AEE9C28B5333}.Release|Any CPU.Build.0 = Release|Any CPU
		{BAA521A1-B6C2-4BBE-9C22-AEE9C28B5333}.Release|x86.ActiveCfg = Release|Any CPU
		{BAA521A1-B6C2-4BBE-9C22-AEE9C28B5333}.Release|x86.Build.0 = Release|Any CPU
		{84F35C14-D403-4900-9AC3-B569974DAC9A}.Debug|Any CPU.ActiveCfg = Debug|Any CPU
		{84F35C14-D403-4900-9AC3-B569974DAC9A}.Debug|Any CPU.Build.0 = Debug|Any CPU
		{84F35C14-D403-4900-9AC3-B569974DAC9A}.Debug|x86.ActiveCfg = Debug|Any CPU
		{84F35C14-D403-4900-9AC3-B569974DAC9A}.Debug|x86.Build.0 = Debug|Any CPU
		{84F35C14-D403-4900-9AC3-B569974DAC9A}.Release|Any CPU.ActiveCfg = Release|Any CPU
		{84F35C14-D403-4900-9AC3-B569974DAC9A}.Release|Any CPU.Build.0 = Release|Any CPU
		{84F35C14-D403-4900-9AC3-B569974DAC9A}.Release|x86.ActiveCfg = Release|Any CPU
		{84F35C14-D403-4900-9AC3-B569974DAC9A}.Release|x86.Build.0 = Release|Any CPU
	EndGlobalSection
	GlobalSection(SolutionProperties) = preSolution
		HideSolutionNode = FALSE
	EndGlobalSection
	GlobalSection(NestedProjects) = preSolution
		{9CE9AD15-66D9-4C91-8297-8D790066A330} = {3228D1B1-9FFD-4F36-ADD3-63E04421FFF8}
		{59EBF96F-74AB-4BF5-A320-D295CE916B8F} = {3228D1B1-9FFD-4F36-ADD3-63E04421FFF8}
		{263C1097-2986-4DE7-BFD0-9BE10A227686} = {91B32439-7FDC-4113-A6BB-D9A3346C1512}
		{627469D2-A758-4D26-AC6C-C51D9D8A6F4C} = {91B32439-7FDC-4113-A6BB-D9A3346C1512}
		{5DAB0EF1-3FDC-477D-BBEA-60388F894185} = {ACC3D5A6-22D4-42D7-938D-9EC8AE990AF8}
		{C0ECCFB2-BD12-4EE2-AFE5-EE16EBA84783} = {91B32439-7FDC-4113-A6BB-D9A3346C1512}
		{50CA26A1-DE17-4B3D-9D13-654E2BFF8935} = {748002DF-8FA8-4024-8B98-756F24B2324C}
		{76FF8E0A-A9EB-466C-8CE8-A0DC6F3ADF06} = {91B32439-7FDC-4113-A6BB-D9A3346C1512}
		{1A134B98-4E79-4848-9941-72C189E1993A} = {91B32439-7FDC-4113-A6BB-D9A3346C1512}
		{D4AC11FB-BF3E-461C-8C01-237A4D1D5039} = {91B32439-7FDC-4113-A6BB-D9A3346C1512}
		{15E405F5-4C6F-4727-8910-39528D344EE0} = {91B32439-7FDC-4113-A6BB-D9A3346C1512}
		{B56241BE-8693-4FBC-AB56-9A4713C96133} = {91B32439-7FDC-4113-A6BB-D9A3346C1512}
		{B8319F01-C301-490D-99AD-A24D99F9A06E} = {91B32439-7FDC-4113-A6BB-D9A3346C1512}
		{46E0A21E-8111-4CB3-A5BF-841E145B9BE3} = {91B32439-7FDC-4113-A6BB-D9A3346C1512}
		{28D63DE9-D5A2-440A-A42A-EA23660DE851} = {91B32439-7FDC-4113-A6BB-D9A3346C1512}
		{BAA521A1-B6C2-4BBE-9C22-AEE9C28B5333} = {91B32439-7FDC-4113-A6BB-D9A3346C1512}
		{84F35C14-D403-4900-9AC3-B569974DAC9A} = {748002DF-8FA8-4024-8B98-756F24B2324C}
	EndGlobalSection
	GlobalSection(ExtensibilityGlobals) = postSolution
		SolutionGuid = {5671D49C-CAD3-4D45-A26A-806CF5DFF137}
	EndGlobalSection
EndGlobal
