
Microsoft Visual Studio Solution File, Format Version 12.00
# Visual Studio Version 17
VisualStudioVersion = 17.1.32319.34
MinimumVisualStudioVersion = 10.0.40219.1
Project("{9A19103F-16F7-4668-BE54-9A1E7A4F7556}") = "Groove.SP.API", "..\Groove.SP\Groove.SP.API\Groove.SP.API.csproj", "{F9889DB9-F537-498D-847F-70DF38B320F5}"
	ProjectSection(ProjectDependencies) = postProject
		{7ED0902B-0B10-475D-8704-3DDCFF8D6B85} = {7ED0902B-0B10-475D-8704-3DDCFF8D6B85}
	EndProjectSection
EndProject
Project("{2150E333-8FDC-42A3-9474-1A3956D46DE8}") = "CSFE", "CSFE", "{54510CFB-596B-4DEE-AB1E-4CEA159BD3F4}"
EndProject
Project("{2150E333-8FDC-42A3-9474-1A3956D46DE8}") = "SP", "SP", "{A4475848-5E08-4593-98A8-D12282D8EFE1}"
EndProject
Project("{9A19103F-16F7-4668-BE54-9A1E7A4F7556}") = "Groove.SP.Application", "..\Groove.SP\Groove.SP.Application\Groove.SP.Application.csproj", "{7ED0902B-0B10-475D-8704-3DDCFF8D6B85}"
EndProject
Project("{9A19103F-16F7-4668-BE54-9A1E7A4F7556}") = "Groove.SP.Infrastructure", "..\Groove.SP\Groove.SP.Infrastructure\Groove.SP.Infrastructure.csproj", "{C7C5C5B4-3B74-4F75-8360-1B428DB74CB4}"
EndProject
Project("{9A19103F-16F7-4668-BE54-9A1E7A4F7556}") = "Groove.SP.Infrastructure.CSFE", "..\Groove.SP\Groove.SP.Infrastructure.CSFE\Groove.SP.Infrastructure.CSFE.csproj", "{37D40EEC-E9FD-4A24-BB2F-14F463EF02FF}"
EndProject
Project("{2150E333-8FDC-42A3-9474-1A3956D46DE8}") = "Core", "Core", "{3228D1B1-9FFD-4F36-ADD3-63E04421FFF8}"
EndProject
Project("{2150E333-8FDC-42A3-9474-1A3956D46DE8}") = "Infrastructure", "Infrastructure", "{91B32439-7FDC-4113-A6BB-D9A3346C1512}"
EndProject
Project("{9A19103F-16F7-4668-BE54-9A1E7A4F7556}") = "Groove.SP.Persistence", "..\Groove.SP\Groove.SP.Persistence\Groove.SP.Persistence.csproj", "{263C1097-2986-4DE7-BFD0-9BE10A227686}"
EndProject
Project("{2150E333-8FDC-42A3-9474-1A3956D46DE8}") = "Presentation", "Presentation", "{ACC3D5A6-22D4-42D7-938D-9EC8AE990AF8}"
EndProject
Project("{2150E333-8FDC-42A3-9474-1A3956D46DE8}") = "Tests", "Tests", "{748002DF-8FA8-4024-8B98-756F24B2324C}"
EndProject
Project("{9A19103F-16F7-4668-BE54-9A1E7A4F7556}") = "Groove.SP.Infrastructure.Excel", "..\Groove.SP\Groove.SP.Infrastructure.Excel\Groove.SP.Infrastructure.Excel.csproj", "{76FF8E0A-A9EB-466C-8CE8-A0DC6F3ADF06}"
EndProject
Project("{9A19103F-16F7-4668-BE54-9A1E7A4F7556}") = "Groove.SP.Infrastructure.MicrosoftGraphAPI", "..\Groove.SP\Groove.SP.Infrastructure.MicrosoftGraphAPI\Groove.SP.Infrastructure.MicrosoftGraphAPI.csproj", "{D4AC11FB-BF3E-461C-8C01-237A4D1D5039}"
EndProject
Project("{9A19103F-16F7-4668-BE54-9A1E7A4F7556}") = "Groove.CSFE.IdentityServer", "..\Groove.CSFE\Groove.CSFE.IdentityServer\Groove.CSFE.IdentityServer.csproj", "{DA9519D3-0B2A-4803-9C91-2BA8EA19A5B1}"
EndProject
Project("{2150E333-8FDC-42A3-9474-1A3956D46DE8}") = "Presentation", "Presentation", "{7888F6E5-844F-4288-BA04-5000AA02671D}"
EndProject
Project("{2150E333-8FDC-42A3-9474-1A3956D46DE8}") = "Core", "Core", "{5C9A1D0E-475A-42BC-A2E1-EAD3CAC193B7}"
EndProject
Project("{2150E333-8FDC-42A3-9474-1A3956D46DE8}") = "Infrastructure", "Infrastructure", "{ADD01937-EDE8-430B-9CDE-F26DEF831F9C}"
EndProject
Project("{9A19103F-16F7-4668-BE54-9A1E7A4F7556}") = "Groove.CSFE.Core", "..\Groove.CSFE\Groove.CSFE.Core\Groove.CSFE.Core.csproj", "{A8DBE180-3AAD-4BA6-8AA8-090EAE49DEF8}"
EndProject
Project("{9A19103F-16F7-4668-BE54-9A1E7A4F7556}") = "Groove.CSFE.Application", "..\Groove.CSFE\Groove.CSFE.Application\Groove.CSFE.Application.csproj", "{C294CE9F-D5F2-4E9F-9570-0F81173CA821}"
EndProject
Project("{9A19103F-16F7-4668-BE54-9A1E7A4F7556}") = "Groove.CSFE.Persistence", "..\Groove.CSFE\Groove.CSFE.Persistence\Groove.CSFE.Persistence.csproj", "{FB5113C8-220C-4DD5-9298-F1CAE4375E21}"
EndProject
Project("{9A19103F-16F7-4668-BE54-9A1E7A4F7556}") = "Groove.CSFE.CommonAPI", "..\Groove.CSFE\Groove.CSFE.CommonAPI\Groove.CSFE.CommonAPI.csproj", "{9BE4E906-E065-43BC-93CA-86524671581F}"
EndProject
Project("{9A19103F-16F7-4668-BE54-9A1E7A4F7556}") = "Groove.SP.Infrastructure.EBookingManagementAPI", "..\Groove.SP\Groove.SP.Infrastructure.EBookingManagementAPI\Groove.SP.Infrastructure.EBookingManagementAPI.csproj", "{696392B9-5833-4D83-976B-439D24E2A716}"
EndProject
Project("{9A19103F-16F7-4668-BE54-9A1E7A4F7556}") = "Groove.SP.Core", "..\Groove.SP\Groove.SP.Core\Groove.SP.Core.csproj", "{1520E1DC-848F-452F-89CF-55CDFF5CC205}"
EndProject
Project("{9A19103F-16F7-4668-BE54-9A1E7A4F7556}") = "Groove.Infrastructure.APIClientCore", "..\Groove.SP\Groove.Infrastructure.APIClientCore\Groove.Infrastructure.APIClientCore.csproj", "{F059F78C-F5F5-4CE1-B4F1-436B6263DF8F}"
EndProject
Project("{9A19103F-16F7-4668-BE54-9A1E7A4F7556}") = "Groove.SP.Infrastructure.DinkToPdf", "..\Groove.SP\Groove.SP.Infrastructure.DinkToPdf\Groove.SP.Infrastructure.DinkToPdf.csproj", "{FC1F1D58-F910-49C3-AD90-9D087E88BC69}"
EndProject
Project("{9A19103F-16F7-4668-BE54-9A1E7A4F7556}") = "Groove.SP.Infrastructure.RazorLight", "..\Groove.SP\Groove.SP.Infrastructure.RazorLight\Groove.SP.Infrastructure.RazorLight.csproj", "{90E0922E-811E-413E-A81B-16AF02F468EE}"
EndProject
Project("{9A19103F-16F7-4668-BE54-9A1E7A4F7556}") = "Groove.SP.Infrastructure.QRCoder", "..\Groove.SP\Groove.SP.Infrastructure.QRCoder\Groove.SP.Infrastructure.QRCoder.csproj", "{180EBD77-C371-42AF-9284-EB4F592869C3}"
EndProject
Project("{9A19103F-16F7-4668-BE54-9A1E7A4F7556}") = "Groove.SP.Infrastructure.SignalR", "..\Groove.SP\Groove.SP.Infrastructure.SignalR\Groove.SP.Infrastructure.SignalR.csproj", "{DDE150F4-8E65-4D9C-99B7-7C45F0AD560A}"
EndProject
Project("{9A19103F-16F7-4668-BE54-9A1E7A4F7556}") = "Groove.CSFE.Supplemental", "..\Groove.CSFE\Groove.CSFE.Supplemental\Groove.CSFE.Supplemental.csproj", "{984E3727-90E7-43E6-84DB-E5D9CD7E05DC}"
EndProject
Project("{FAE04EC0-301F-11D3-BF4B-00C04F79EFBC}") = "Groove.SP.Infrastructure.ReportTool", "..\Groove.SP\Groove.SP.Infrastructure.ReportTool\Groove.SP.Infrastructure.ReportTool.csproj", "{C0ECCFB2-BD12-4EE2-AFE5-EE16EBA84783}"
EndProject
Global
	GlobalSection(SolutionConfigurationPlatforms) = preSolution
		Debug|Any CPU = Debug|Any CPU
		Debug|x86 = Debug|x86
		Release|Any CPU = Release|Any CPU
		Release|x86 = Release|x86
	EndGlobalSection
	GlobalSection(ProjectConfigurationPlatforms) = postSolution
		{F9889DB9-F537-498D-847F-70DF38B320F5}.Debug|Any CPU.ActiveCfg = Debug|Any CPU
		{F9889DB9-F537-498D-847F-70DF38B320F5}.Debug|Any CPU.Build.0 = Debug|Any CPU
		{F9889DB9-F537-498D-847F-70DF38B320F5}.Debug|x86.ActiveCfg = Debug|Any CPU
		{F9889DB9-F537-498D-847F-70DF38B320F5}.Debug|x86.Build.0 = Debug|Any CPU
		{F9889DB9-F537-498D-847F-70DF38B320F5}.Release|Any CPU.ActiveCfg = Release|Any CPU
		{F9889DB9-F537-498D-847F-70DF38B320F5}.Release|Any CPU.Build.0 = Release|Any CPU
		{F9889DB9-F537-498D-847F-70DF38B320F5}.Release|x86.ActiveCfg = Release|Any CPU
		{F9889DB9-F537-498D-847F-70DF38B320F5}.Release|x86.Build.0 = Release|Any CPU
		{7ED0902B-0B10-475D-8704-3DDCFF8D6B85}.Debug|Any CPU.ActiveCfg = Debug|Any CPU
		{7ED0902B-0B10-475D-8704-3DDCFF8D6B85}.Debug|Any CPU.Build.0 = Debug|Any CPU
		{7ED0902B-0B10-475D-8704-3DDCFF8D6B85}.Debug|x86.ActiveCfg = Debug|Any CPU
		{7ED0902B-0B10-475D-8704-3DDCFF8D6B85}.Debug|x86.Build.0 = Debug|Any CPU
		{7ED0902B-0B10-475D-8704-3DDCFF8D6B85}.Release|Any CPU.ActiveCfg = Release|Any CPU
		{7ED0902B-0B10-475D-8704-3DDCFF8D6B85}.Release|Any CPU.Build.0 = Release|Any CPU
		{7ED0902B-0B10-475D-8704-3DDCFF8D6B85}.Release|x86.ActiveCfg = Release|Any CPU
		{7ED0902B-0B10-475D-8704-3DDCFF8D6B85}.Release|x86.Build.0 = Release|Any CPU
		{C7C5C5B4-3B74-4F75-8360-1B428DB74CB4}.Debug|Any CPU.ActiveCfg = Debug|Any CPU
		{C7C5C5B4-3B74-4F75-8360-1B428DB74CB4}.Debug|Any CPU.Build.0 = Debug|Any CPU
		{C7C5C5B4-3B74-4F75-8360-1B428DB74CB4}.Debug|x86.ActiveCfg = Debug|Any CPU
		{C7C5C5B4-3B74-4F75-8360-1B428DB74CB4}.Debug|x86.Build.0 = Debug|Any CPU
		{C7C5C5B4-3B74-4F75-8360-1B428DB74CB4}.Release|Any CPU.ActiveCfg = Release|Any CPU
		{C7C5C5B4-3B74-4F75-8360-1B428DB74CB4}.Release|Any CPU.Build.0 = Release|Any CPU
		{C7C5C5B4-3B74-4F75-8360-1B428DB74CB4}.Release|x86.ActiveCfg = Release|Any CPU
		{C7C5C5B4-3B74-4F75-8360-1B428DB74CB4}.Release|x86.Build.0 = Release|Any CPU
		{37D40EEC-E9FD-4A24-BB2F-14F463EF02FF}.Debug|Any CPU.ActiveCfg = Debug|Any CPU
		{37D40EEC-E9FD-4A24-BB2F-14F463EF02FF}.Debug|Any CPU.Build.0 = Debug|Any CPU
		{37D40EEC-E9FD-4A24-BB2F-14F463EF02FF}.Debug|x86.ActiveCfg = Debug|Any CPU
		{37D40EEC-E9FD-4A24-BB2F-14F463EF02FF}.Debug|x86.Build.0 = Debug|Any CPU
		{37D40EEC-E9FD-4A24-BB2F-14F463EF02FF}.Release|Any CPU.ActiveCfg = Release|Any CPU
		{37D40EEC-E9FD-4A24-BB2F-14F463EF02FF}.Release|Any CPU.Build.0 = Release|Any CPU
		{37D40EEC-E9FD-4A24-BB2F-14F463EF02FF}.Release|x86.ActiveCfg = Release|Any CPU
		{37D40EEC-E9FD-4A24-BB2F-14F463EF02FF}.Release|x86.Build.0 = Release|Any CPU
		{263C1097-2986-4DE7-BFD0-9BE10A227686}.Debug|Any CPU.ActiveCfg = Debug|Any CPU
		{263C1097-2986-4DE7-BFD0-9BE10A227686}.Debug|Any CPU.Build.0 = Debug|Any CPU
		{263C1097-2986-4DE7-BFD0-9BE10A227686}.Debug|x86.ActiveCfg = Debug|Any CPU
		{263C1097-2986-4DE7-BFD0-9BE10A227686}.Debug|x86.Build.0 = Debug|Any CPU
		{263C1097-2986-4DE7-BFD0-9BE10A227686}.Release|Any CPU.ActiveCfg = Release|Any CPU
		{263C1097-2986-4DE7-BFD0-9BE10A227686}.Release|Any CPU.Build.0 = Release|Any CPU
		{263C1097-2986-4DE7-BFD0-9BE10A227686}.Release|x86.ActiveCfg = Release|Any CPU
		{263C1097-2986-4DE7-BFD0-9BE10A227686}.Release|x86.Build.0 = Release|Any CPU
		{76FF8E0A-A9EB-466C-8CE8-A0DC6F3ADF06}.Debug|Any CPU.ActiveCfg = Debug|Any CPU
		{76FF8E0A-A9EB-466C-8CE8-A0DC6F3ADF06}.Debug|Any CPU.Build.0 = Debug|Any CPU
		{76FF8E0A-A9EB-466C-8CE8-A0DC6F3ADF06}.Debug|x86.ActiveCfg = Debug|Any CPU
		{76FF8E0A-A9EB-466C-8CE8-A0DC6F3ADF06}.Debug|x86.Build.0 = Debug|Any CPU
		{76FF8E0A-A9EB-466C-8CE8-A0DC6F3ADF06}.Release|Any CPU.ActiveCfg = Release|Any CPU
		{76FF8E0A-A9EB-466C-8CE8-A0DC6F3ADF06}.Release|Any CPU.Build.0 = Release|Any CPU
		{76FF8E0A-A9EB-466C-8CE8-A0DC6F3ADF06}.Release|x86.ActiveCfg = Release|Any CPU
		{76FF8E0A-A9EB-466C-8CE8-A0DC6F3ADF06}.Release|x86.Build.0 = Release|Any CPU
		{D4AC11FB-BF3E-461C-8C01-237A4D1D5039}.Debug|Any CPU.ActiveCfg = Debug|Any CPU
		{D4AC11FB-BF3E-461C-8C01-237A4D1D5039}.Debug|Any CPU.Build.0 = Debug|Any CPU
		{D4AC11FB-BF3E-461C-8C01-237A4D1D5039}.Debug|x86.ActiveCfg = Debug|Any CPU
		{D4AC11FB-BF3E-461C-8C01-237A4D1D5039}.Debug|x86.Build.0 = Debug|Any CPU
		{D4AC11FB-BF3E-461C-8C01-237A4D1D5039}.Release|Any CPU.ActiveCfg = Release|Any CPU
		{D4AC11FB-BF3E-461C-8C01-237A4D1D5039}.Release|Any CPU.Build.0 = Release|Any CPU
		{D4AC11FB-BF3E-461C-8C01-237A4D1D5039}.Release|x86.ActiveCfg = Release|Any CPU
		{D4AC11FB-BF3E-461C-8C01-237A4D1D5039}.Release|x86.Build.0 = Release|Any CPU
		{DA9519D3-0B2A-4803-9C91-2BA8EA19A5B1}.Debug|Any CPU.ActiveCfg = Debug|Any CPU
		{DA9519D3-0B2A-4803-9C91-2BA8EA19A5B1}.Debug|Any CPU.Build.0 = Debug|Any CPU
		{DA9519D3-0B2A-4803-9C91-2BA8EA19A5B1}.Debug|x86.ActiveCfg = Debug|Any CPU
		{DA9519D3-0B2A-4803-9C91-2BA8EA19A5B1}.Debug|x86.Build.0 = Debug|Any CPU
		{DA9519D3-0B2A-4803-9C91-2BA8EA19A5B1}.Release|Any CPU.ActiveCfg = Release|Any CPU
		{DA9519D3-0B2A-4803-9C91-2BA8EA19A5B1}.Release|Any CPU.Build.0 = Release|Any CPU
		{DA9519D3-0B2A-4803-9C91-2BA8EA19A5B1}.Release|x86.ActiveCfg = Release|Any CPU
		{DA9519D3-0B2A-4803-9C91-2BA8EA19A5B1}.Release|x86.Build.0 = Release|Any CPU
		{A8DBE180-3AAD-4BA6-8AA8-090EAE49DEF8}.Debug|Any CPU.ActiveCfg = Debug|Any CPU
		{A8DBE180-3AAD-4BA6-8AA8-090EAE49DEF8}.Debug|Any CPU.Build.0 = Debug|Any CPU
		{A8DBE180-3AAD-4BA6-8AA8-090EAE49DEF8}.Debug|x86.ActiveCfg = Debug|Any CPU
		{A8DBE180-3AAD-4BA6-8AA8-090EAE49DEF8}.Debug|x86.Build.0 = Debug|Any CPU
		{A8DBE180-3AAD-4BA6-8AA8-090EAE49DEF8}.Release|Any CPU.ActiveCfg = Release|Any CPU
		{A8DBE180-3AAD-4BA6-8AA8-090EAE49DEF8}.Release|Any CPU.Build.0 = Release|Any CPU
		{A8DBE180-3AAD-4BA6-8AA8-090EAE49DEF8}.Release|x86.ActiveCfg = Release|Any CPU
		{A8DBE180-3AAD-4BA6-8AA8-090EAE49DEF8}.Release|x86.Build.0 = Release|Any CPU
		{C294CE9F-D5F2-4E9F-9570-0F81173CA821}.Debug|Any CPU.ActiveCfg = Debug|Any CPU
		{C294CE9F-D5F2-4E9F-9570-0F81173CA821}.Debug|Any CPU.Build.0 = Debug|Any CPU
		{C294CE9F-D5F2-4E9F-9570-0F81173CA821}.Debug|x86.ActiveCfg = Debug|Any CPU
		{C294CE9F-D5F2-4E9F-9570-0F81173CA821}.Debug|x86.Build.0 = Debug|Any CPU
		{C294CE9F-D5F2-4E9F-9570-0F81173CA821}.Release|Any CPU.ActiveCfg = Release|Any CPU
		{C294CE9F-D5F2-4E9F-9570-0F81173CA821}.Release|Any CPU.Build.0 = Release|Any CPU
		{C294CE9F-D5F2-4E9F-9570-0F81173CA821}.Release|x86.ActiveCfg = Release|Any CPU
		{C294CE9F-D5F2-4E9F-9570-0F81173CA821}.Release|x86.Build.0 = Release|Any CPU
		{FB5113C8-220C-4DD5-9298-F1CAE4375E21}.Debug|Any CPU.ActiveCfg = Debug|Any CPU
		{FB5113C8-220C-4DD5-9298-F1CAE4375E21}.Debug|Any CPU.Build.0 = Debug|Any CPU
		{FB5113C8-220C-4DD5-9298-F1CAE4375E21}.Debug|x86.ActiveCfg = Debug|Any CPU
		{FB5113C8-220C-4DD5-9298-F1CAE4375E21}.Debug|x86.Build.0 = Debug|Any CPU
		{FB5113C8-220C-4DD5-9298-F1CAE4375E21}.Release|Any CPU.ActiveCfg = Release|Any CPU
		{FB5113C8-220C-4DD5-9298-F1CAE4375E21}.Release|Any CPU.Build.0 = Release|Any CPU
		{FB5113C8-220C-4DD5-9298-F1CAE4375E21}.Release|x86.ActiveCfg = Release|Any CPU
		{FB5113C8-220C-4DD5-9298-F1CAE4375E21}.Release|x86.Build.0 = Release|Any CPU
		{9BE4E906-E065-43BC-93CA-86524671581F}.Debug|Any CPU.ActiveCfg = Debug|Any CPU
		{9BE4E906-E065-43BC-93CA-86524671581F}.Debug|Any CPU.Build.0 = Debug|Any CPU
		{9BE4E906-E065-43BC-93CA-86524671581F}.Debug|x86.ActiveCfg = Debug|Any CPU
		{9BE4E906-E065-43BC-93CA-86524671581F}.Debug|x86.Build.0 = Debug|Any CPU
		{9BE4E906-E065-43BC-93CA-86524671581F}.Release|Any CPU.ActiveCfg = Release|Any CPU
		{9BE4E906-E065-43BC-93CA-86524671581F}.Release|Any CPU.Build.0 = Release|Any CPU
		{9BE4E906-E065-43BC-93CA-86524671581F}.Release|x86.ActiveCfg = Release|Any CPU
		{9BE4E906-E065-43BC-93CA-86524671581F}.Release|x86.Build.0 = Release|Any CPU
		{696392B9-5833-4D83-976B-439D24E2A716}.Debug|Any CPU.ActiveCfg = Debug|Any CPU
		{696392B9-5833-4D83-976B-439D24E2A716}.Debug|Any CPU.Build.0 = Debug|Any CPU
		{696392B9-5833-4D83-976B-439D24E2A716}.Debug|x86.ActiveCfg = Debug|Any CPU
		{696392B9-5833-4D83-976B-439D24E2A716}.Debug|x86.Build.0 = Debug|Any CPU
		{696392B9-5833-4D83-976B-439D24E2A716}.Release|Any CPU.ActiveCfg = Release|Any CPU
		{696392B9-5833-4D83-976B-439D24E2A716}.Release|Any CPU.Build.0 = Release|Any CPU
		{696392B9-5833-4D83-976B-439D24E2A716}.Release|x86.ActiveCfg = Release|Any CPU
		{696392B9-5833-4D83-976B-439D24E2A716}.Release|x86.Build.0 = Release|Any CPU
		{1520E1DC-848F-452F-89CF-55CDFF5CC205}.Debug|Any CPU.ActiveCfg = Debug|Any CPU
		{1520E1DC-848F-452F-89CF-55CDFF5CC205}.Debug|Any CPU.Build.0 = Debug|Any CPU
		{1520E1DC-848F-452F-89CF-55CDFF5CC205}.Debug|x86.ActiveCfg = Debug|Any CPU
		{1520E1DC-848F-452F-89CF-55CDFF5CC205}.Debug|x86.Build.0 = Debug|Any CPU
		{1520E1DC-848F-452F-89CF-55CDFF5CC205}.Release|Any CPU.ActiveCfg = Release|Any CPU
		{1520E1DC-848F-452F-89CF-55CDFF5CC205}.Release|Any CPU.Build.0 = Release|Any CPU
		{1520E1DC-848F-452F-89CF-55CDFF5CC205}.Release|x86.ActiveCfg = Release|Any CPU
		{1520E1DC-848F-452F-89CF-55CDFF5CC205}.Release|x86.Build.0 = Release|Any CPU
		{F059F78C-F5F5-4CE1-B4F1-436B6263DF8F}.Debug|Any CPU.ActiveCfg = Debug|Any CPU
		{F059F78C-F5F5-4CE1-B4F1-436B6263DF8F}.Debug|Any CPU.Build.0 = Debug|Any CPU
		{F059F78C-F5F5-4CE1-B4F1-436B6263DF8F}.Debug|x86.ActiveCfg = Debug|Any CPU
		{F059F78C-F5F5-4CE1-B4F1-436B6263DF8F}.Debug|x86.Build.0 = Debug|Any CPU
		{F059F78C-F5F5-4CE1-B4F1-436B6263DF8F}.Release|Any CPU.ActiveCfg = Release|Any CPU
		{F059F78C-F5F5-4CE1-B4F1-436B6263DF8F}.Release|Any CPU.Build.0 = Release|Any CPU
		{F059F78C-F5F5-4CE1-B4F1-436B6263DF8F}.Release|x86.ActiveCfg = Release|Any CPU
		{F059F78C-F5F5-4CE1-B4F1-436B6263DF8F}.Release|x86.Build.0 = Release|Any CPU
		{FC1F1D58-F910-49C3-AD90-9D087E88BC69}.Debug|Any CPU.ActiveCfg = Debug|Any CPU
		{FC1F1D58-F910-49C3-AD90-9D087E88BC69}.Debug|Any CPU.Build.0 = Debug|Any CPU
		{FC1F1D58-F910-49C3-AD90-9D087E88BC69}.Debug|x86.ActiveCfg = Debug|Any CPU
		{FC1F1D58-F910-49C3-AD90-9D087E88BC69}.Debug|x86.Build.0 = Debug|Any CPU
		{FC1F1D58-F910-49C3-AD90-9D087E88BC69}.Release|Any CPU.ActiveCfg = Release|Any CPU
		{FC1F1D58-F910-49C3-AD90-9D087E88BC69}.Release|Any CPU.Build.0 = Release|Any CPU
		{FC1F1D58-F910-49C3-AD90-9D087E88BC69}.Release|x86.ActiveCfg = Release|Any CPU
		{FC1F1D58-F910-49C3-AD90-9D087E88BC69}.Release|x86.Build.0 = Release|Any CPU
		{90E0922E-811E-413E-A81B-16AF02F468EE}.Debug|Any CPU.ActiveCfg = Debug|Any CPU
		{90E0922E-811E-413E-A81B-16AF02F468EE}.Debug|Any CPU.Build.0 = Debug|Any CPU
		{90E0922E-811E-413E-A81B-16AF02F468EE}.Debug|x86.ActiveCfg = Debug|Any CPU
		{90E0922E-811E-413E-A81B-16AF02F468EE}.Debug|x86.Build.0 = Debug|Any CPU
		{90E0922E-811E-413E-A81B-16AF02F468EE}.Release|Any CPU.ActiveCfg = Release|Any CPU
		{90E0922E-811E-413E-A81B-16AF02F468EE}.Release|Any CPU.Build.0 = Release|Any CPU
		{90E0922E-811E-413E-A81B-16AF02F468EE}.Release|x86.ActiveCfg = Release|Any CPU
		{90E0922E-811E-413E-A81B-16AF02F468EE}.Release|x86.Build.0 = Release|Any CPU
		{180EBD77-C371-42AF-9284-EB4F592869C3}.Debug|Any CPU.ActiveCfg = Debug|Any CPU
		{180EBD77-C371-42AF-9284-EB4F592869C3}.Debug|Any CPU.Build.0 = Debug|Any CPU
		{180EBD77-C371-42AF-9284-EB4F592869C3}.Debug|x86.ActiveCfg = Debug|Any CPU
		{180EBD77-C371-42AF-9284-EB4F592869C3}.Debug|x86.Build.0 = Debug|Any CPU
		{180EBD77-C371-42AF-9284-EB4F592869C3}.Release|Any CPU.ActiveCfg = Release|Any CPU
		{180EBD77-C371-42AF-9284-EB4F592869C3}.Release|Any CPU.Build.0 = Release|Any CPU
		{180EBD77-C371-42AF-9284-EB4F592869C3}.Release|x86.ActiveCfg = Release|Any CPU
		{180EBD77-C371-42AF-9284-EB4F592869C3}.Release|x86.Build.0 = Release|Any CPU
		{DDE150F4-8E65-4D9C-99B7-7C45F0AD560A}.Debug|Any CPU.ActiveCfg = Debug|Any CPU
		{DDE150F4-8E65-4D9C-99B7-7C45F0AD560A}.Debug|Any CPU.Build.0 = Debug|Any CPU
		{DDE150F4-8E65-4D9C-99B7-7C45F0AD560A}.Debug|x86.ActiveCfg = Debug|Any CPU
		{DDE150F4-8E65-4D9C-99B7-7C45F0AD560A}.Debug|x86.Build.0 = Debug|Any CPU
		{DDE150F4-8E65-4D9C-99B7-7C45F0AD560A}.Release|Any CPU.ActiveCfg = Release|Any CPU
		{DDE150F4-8E65-4D9C-99B7-7C45F0AD560A}.Release|Any CPU.Build.0 = Release|Any CPU
		{DDE150F4-8E65-4D9C-99B7-7C45F0AD560A}.Release|x86.ActiveCfg = Release|Any CPU
		{DDE150F4-8E65-4D9C-99B7-7C45F0AD560A}.Release|x86.Build.0 = Release|Any CPU
		{984E3727-90E7-43E6-84DB-E5D9CD7E05DC}.Debug|Any CPU.ActiveCfg = Debug|Any CPU
		{984E3727-90E7-43E6-84DB-E5D9CD7E05DC}.Debug|Any CPU.Build.0 = Debug|Any CPU
		{984E3727-90E7-43E6-84DB-E5D9CD7E05DC}.Debug|x86.ActiveCfg = Debug|Any CPU
		{984E3727-90E7-43E6-84DB-E5D9CD7E05DC}.Debug|x86.Build.0 = Debug|Any CPU
		{984E3727-90E7-43E6-84DB-E5D9CD7E05DC}.Release|Any CPU.ActiveCfg = Release|Any CPU
		{984E3727-90E7-43E6-84DB-E5D9CD7E05DC}.Release|Any CPU.Build.0 = Release|Any CPU
		{984E3727-90E7-43E6-84DB-E5D9CD7E05DC}.Release|x86.ActiveCfg = Release|Any CPU
		{984E3727-90E7-43E6-84DB-E5D9CD7E05DC}.Release|x86.Build.0 = Release|Any CPU
		{C0ECCFB2-BD12-4EE2-AFE5-EE16EBA84783}.Debug|Any CPU.ActiveCfg = Debug|Any CPU
		{C0ECCFB2-BD12-4EE2-AFE5-EE16EBA84783}.Debug|Any CPU.Build.0 = Debug|Any CPU
		{C0ECCFB2-BD12-4EE2-AFE5-EE16EBA84783}.Debug|x86.ActiveCfg = Debug|Any CPU
		{C0ECCFB2-BD12-4EE2-AFE5-EE16EBA84783}.Debug|x86.Build.0 = Debug|Any CPU
		{C0ECCFB2-BD12-4EE2-AFE5-EE16EBA84783}.Release|Any CPU.ActiveCfg = Release|Any CPU
		{C0ECCFB2-BD12-4EE2-AFE5-EE16EBA84783}.Release|Any CPU.Build.0 = Release|Any CPU
		{C0ECCFB2-BD12-4EE2-AFE5-EE16EBA84783}.Release|x86.ActiveCfg = Release|Any CPU
		{C0ECCFB2-BD12-4EE2-AFE5-EE16EBA84783}.Release|x86.Build.0 = Release|Any CPU
	EndGlobalSection
	GlobalSection(SolutionProperties) = preSolution
		HideSolutionNode = FALSE
	EndGlobalSection
	GlobalSection(NestedProjects) = preSolution
		{F9889DB9-F537-498D-847F-70DF38B320F5} = {ACC3D5A6-22D4-42D7-938D-9EC8AE990AF8}
		{7ED0902B-0B10-475D-8704-3DDCFF8D6B85} = {A4475848-5E08-4593-98A8-D12282D8EFE1}
		{C7C5C5B4-3B74-4F75-8360-1B428DB74CB4} = {91B32439-7FDC-4113-A6BB-D9A3346C1512}
		{37D40EEC-E9FD-4A24-BB2F-14F463EF02FF} = {91B32439-7FDC-4113-A6BB-D9A3346C1512}
		{3228D1B1-9FFD-4F36-ADD3-63E04421FFF8} = {A4475848-5E08-4593-98A8-D12282D8EFE1}
		{91B32439-7FDC-4113-A6BB-D9A3346C1512} = {A4475848-5E08-4593-98A8-D12282D8EFE1}
		{263C1097-2986-4DE7-BFD0-9BE10A227686} = {91B32439-7FDC-4113-A6BB-D9A3346C1512}
		{ACC3D5A6-22D4-42D7-938D-9EC8AE990AF8} = {A4475848-5E08-4593-98A8-D12282D8EFE1}
		{748002DF-8FA8-4024-8B98-756F24B2324C} = {A4475848-5E08-4593-98A8-D12282D8EFE1}
		{76FF8E0A-A9EB-466C-8CE8-A0DC6F3ADF06} = {91B32439-7FDC-4113-A6BB-D9A3346C1512}
		{D4AC11FB-BF3E-461C-8C01-237A4D1D5039} = {91B32439-7FDC-4113-A6BB-D9A3346C1512}
		{DA9519D3-0B2A-4803-9C91-2BA8EA19A5B1} = {7888F6E5-844F-4288-BA04-5000AA02671D}
		{7888F6E5-844F-4288-BA04-5000AA02671D} = {54510CFB-596B-4DEE-AB1E-4CEA159BD3F4}
		{5C9A1D0E-475A-42BC-A2E1-EAD3CAC193B7} = {54510CFB-596B-4DEE-AB1E-4CEA159BD3F4}
		{ADD01937-EDE8-430B-9CDE-F26DEF831F9C} = {54510CFB-596B-4DEE-AB1E-4CEA159BD3F4}
		{A8DBE180-3AAD-4BA6-8AA8-090EAE49DEF8} = {5C9A1D0E-475A-42BC-A2E1-EAD3CAC193B7}
		{C294CE9F-D5F2-4E9F-9570-0F81173CA821} = {54510CFB-596B-4DEE-AB1E-4CEA159BD3F4}
		{FB5113C8-220C-4DD5-9298-F1CAE4375E21} = {ADD01937-EDE8-430B-9CDE-F26DEF831F9C}
		{9BE4E906-E065-43BC-93CA-86524671581F} = {7888F6E5-844F-4288-BA04-5000AA02671D}
		{696392B9-5833-4D83-976B-439D24E2A716} = {91B32439-7FDC-4113-A6BB-D9A3346C1512}
		{1520E1DC-848F-452F-89CF-55CDFF5CC205} = {3228D1B1-9FFD-4F36-ADD3-63E04421FFF8}
		{F059F78C-F5F5-4CE1-B4F1-436B6263DF8F} = {3228D1B1-9FFD-4F36-ADD3-63E04421FFF8}
		{FC1F1D58-F910-49C3-AD90-9D087E88BC69} = {91B32439-7FDC-4113-A6BB-D9A3346C1512}
		{90E0922E-811E-413E-A81B-16AF02F468EE} = {91B32439-7FDC-4113-A6BB-D9A3346C1512}
		{180EBD77-C371-42AF-9284-EB4F592869C3} = {91B32439-7FDC-4113-A6BB-D9A3346C1512}
		{DDE150F4-8E65-4D9C-99B7-7C45F0AD560A} = {91B32439-7FDC-4113-A6BB-D9A3346C1512}
		{984E3727-90E7-43E6-84DB-E5D9CD7E05DC} = {7888F6E5-844F-4288-BA04-5000AA02671D}
		{C0ECCFB2-BD12-4EE2-AFE5-EE16EBA84783} = {91B32439-7FDC-4113-A6BB-D9A3346C1512}
	EndGlobalSection
	GlobalSection(ExtensibilityGlobals) = postSolution
		SolutionGuid = {7C28054B-7E47-4FC6-AEC5-F01D54E38C3F}
	EndGlobalSection
EndGlobal
